// !$*UTF8*$!
{
	archiveVersion = 1;
	classes = {
	};
	objectVersion = 46;
	objects = {

/* Begin PBXBuildFile section */
		3A7E75201B38680C00B1AAC6 /* AppDelegate.swift in Sources */ = {isa = PBXBuildFile; fileRef = 3A7E751F1B38680C00B1AAC6 /* AppDelegate.swift */; };
		3A7E75221B38680C00B1AAC6 /* ViewController.swift in Sources */ = {isa = PBXBuildFile; fileRef = 3A7E75211B38680C00B1AAC6 /* ViewController.swift */; };
		3A7E75251B38680C00B1AAC6 /* Main.storyboard in Resources */ = {isa = PBXBuildFile; fileRef = 3A7E75231B38680C00B1AAC6 /* Main.storyboard */; };
		3A7E75271B38680C00B1AAC6 /* Images.xcassets in Resources */ = {isa = PBXBuildFile; fileRef = 3A7E75261B38680C00B1AAC6 /* Images.xcassets */; };
		3A7E752A1B38680C00B1AAC6 /* LaunchScreen.xib in Resources */ = {isa = PBXBuildFile; fileRef = 3A7E75281B38680C00B1AAC6 /* LaunchScreen.xib */; };
		3A7E75361B38680C00B1AAC6 /* BlindColorGameTests.swift in Sources */ = {isa = PBXBuildFile; fileRef = 3A7E75351B38680C00B1AAC6 /* BlindColorGameTests.swift */; };
/* End PBXBuildFile section */

/* Begin PBXContainerItemProxy section */
		3A7E75301B38680C00B1AAC6 /* PBXContainerItemProxy */ = {
			isa = PBXContainerItemProxy;
			containerPortal = 3A7E75121B38680C00B1AAC6 /* Project object */;
			proxyType = 1;
			remoteGlobalIDString = 3A7E75191B38680C00B1AAC6;
			remoteInfo = BlindColorGame;
		};
/* End PBXContainerItemProxy section */

/* Begin PBXFileReference section */
		3A7E751A1B38680C00B1AAC6 /* BlindColorGame.app */ = {isa = PBXFileReference; explicitFileType = wrapper.application; includeInIndex = 0; path = BlindColorGame.app; sourceTree = BUILT_PRODUCTS_DIR; };
		3A7E751E1B38680C00B1AAC6 /* Info.plist */ = {isa = PBXFileReference; lastKnownFileType = text.plist.xml; path = Info.plist; sourceTree = "<group>"; };
		3A7E751F1B38680C00B1AAC6 /* AppDelegate.swift */ = {isa = PBXFileReference; lastKnownFileType = sourcecode.swift; path = AppDelegate.swift; sourceTree = "<group>"; };
		3A7E75211B38680C00B1AAC6 /* ViewController.swift */ = {isa = PBXFileReference; lastKnownFileType = sourcecode.swift; path = ViewController.swift; sourceTree = "<group>"; };
		3A7E75241B38680C00B1AAC6 /* Base */ = {isa = PBXFileReference; lastKnownFileType = file.storyboard; name = Base; path = Base.lproj/Main.storyboard; sourceTree = "<group>"; };
		3A7E75261B38680C00B1AAC6 /* Images.xcassets */ = {isa = PBXFileReference; lastKnownFileType = folder.assetcatalog; path = Images.xcassets; sourceTree = "<group>"; };
		3A7E75291B38680C00B1AAC6 /* Base */ = {isa = PBXFileReference; lastKnownFileType = file.xib; name = Base; path = Base.lproj/LaunchScreen.xib; sourceTree = "<group>"; };
		3A7E752F1B38680C00B1AAC6 /* BlindColorGameTests.xctest */ = {isa = PBXFileReference; explicitFileType = wrapper.cfbundle; includeInIndex = 0; path = BlindColorGameTests.xctest; sourceTree = BUILT_PRODUCTS_DIR; };
		3A7E75341B38680C00B1AAC6 /* Info.plist */ = {isa = PBXFileReference; lastKnownFileType = text.plist.xml; path = Info.plist; sourceTree = "<group>"; };
		3A7E75351B38680C00B1AAC6 /* BlindColorGameTests.swift */ = {isa = PBXFileReference; lastKnownFileType = sourcecode.swift; path = BlindColorGameTests.swift; sourceTree = "<group>"; };
/* End PBXFileReference section */

/* Begin PBXFrameworksBuildPhase section */
		3A7E75171B38680C00B1AAC6 /* Frameworks */ = {
			isa = PBXFrameworksBuildPhase;
			buildActionMask = 2147483647;
			files = (
			);
			runOnlyForDeploymentPostprocessing = 0;
		};
		3A7E752C1B38680C00B1AAC6 /* Frameworks */ = {
			isa = PBXFrameworksBuildPhase;
			buildActionMask = 2147483647;
			files = (
			);
			runOnlyForDeploymentPostprocessing = 0;
		};
/* End PBXFrameworksBuildPhase section */

/* Begin PBXGroup section */
		3A7E75111B38680C00B1AAC6 = {
			isa = PBXGroup;
			children = (
				3A7E751C1B38680C00B1AAC6 /* BlindColorGame */,
				3A7E75321B38680C00B1AAC6 /* BlindColorGameTests */,
				3A7E751B1B38680C00B1AAC6 /* Products */,
			);
			sourceTree = "<group>";
		};
		3A7E751B1B38680C00B1AAC6 /* Products */ = {
			isa = PBXGroup;
			children = (
				3A7E751A1B38680C00B1AAC6 /* BlindColorGame.app */,
				3A7E752F1B38680C00B1AAC6 /* BlindColorGameTests.xctest */,
			);
			name = Products;
			sourceTree = "<group>";
		};
		3A7E751C1B38680C00B1AAC6 /* BlindColorGame */ = {
			isa = PBXGroup;
			children = (
				3A7E751F1B38680C00B1AAC6 /* AppDelegate.swift */,
				3A7E75211B38680C00B1AAC6 /* ViewController.swift */,
				3A7E75231B38680C00B1AAC6 /* Main.storyboard */,
				3A7E75261B38680C00B1AAC6 /* Images.xcassets */,
				3A7E75281B38680C00B1AAC6 /* LaunchScreen.xib */,
				3A7E751D1B38680C00B1AAC6 /* Supporting Files */,
			);
			path = BlindColorGame;
			sourceTree = "<group>";
		};
		3A7E751D1B38680C00B1AAC6 /* Supporting Files */ = {
			isa = PBXGroup;
			children = (
				3A7E751E1B38680C00B1AAC6 /* Info.plist */,
			);
			name = "Supporting Files";
			sourceTree = "<group>";
		};
		3A7E75321B38680C00B1AAC6 /* BlindColorGameTests */ = {
			isa = PBXGroup;
			children = (
				3A7E75351B38680C00B1AAC6 /* BlindColorGameTests.swift */,
				3A7E75331B38680C00B1AAC6 /* Supporting Files */,
			);
			path = BlindColorGameTests;
			sourceTree = "<group>";
		};
		3A7E75331B38680C00B1AAC6 /* Supporting Files */ = {
			isa = PBXGroup;
			children = (
				3A7E75341B38680C00B1AAC6 /* Info.plist */,
			);
			name = "Supporting Files";
			sourceTree = "<group>";
		};
/* End PBXGroup section */

/* Begin PBXNativeTarget section */
		3A7E75191B38680C00B1AAC6 /* BlindColorGame */ = {
			isa = PBXNativeTarget;
			buildConfigurationList = 3A7E75391B38680C00B1AAC6 /* Build configuration list for PBXNativeTarget "BlindColorGame" */;
			buildPhases = (
				3A7E75161B38680C00B1AAC6 /* Sources */,
				3A7E75171B38680C00B1AAC6 /* Frameworks */,
				3A7E75181B38680C00B1AAC6 /* Resources */,
			);
			buildRules = (
			);
			dependencies = (
			);
			name = BlindColorGame;
			productName = BlindColorGame;
			productReference = 3A7E751A1B38680C00B1AAC6 /* BlindColorGame.app */;
			productType = "com.apple.product-type.application";
		};
		3A7E752E1B38680C00B1AAC6 /* BlindColorGameTests */ = {
			isa = PBXNativeTarget;
			buildConfigurationList = 3A7E753C1B38680C00B1AAC6 /* Build configuration list for PBXNativeTarget "BlindColorGameTests" */;
			buildPhases = (
				3A7E752B1B38680C00B1AAC6 /* Sources */,
				3A7E752C1B38680C00B1AAC6 /* Frameworks */,
				3A7E752D1B38680C00B1AAC6 /* Resources */,
			);
			buildRules = (
			);
			dependencies = (
				3A7E75311B38680C00B1AAC6 /* PBXTargetDependency */,
			);
			name = BlindColorGameTests;
			productName = BlindColorGameTests;
			productReference = 3A7E752F1B38680C00B1AAC6 /* BlindColorGameTests.xctest */;
			productType = "com.apple.product-type.bundle.unit-test";
		};
/* End PBXNativeTarget section */

/* Begin PBXProject section */
		3A7E75121B38680C00B1AAC6 /* Project object */ = {
			isa = PBXProject;
			attributes = {
				LastUpgradeCheck = 0630;
				ORGANIZATIONNAME = MaiMai;
				TargetAttributes = {
					3A7E75191B38680C00B1AAC6 = {
						CreatedOnToolsVersion = 6.3.2;
					};
					3A7E752E1B38680C00B1AAC6 = {
						CreatedOnToolsVersion = 6.3.2;
						TestTargetID = 3A7E75191B38680C00B1AAC6;
					};
				};
			};
			buildConfigurationList = 3A7E75151B38680C00B1AAC6 /* Build configuration list for PBXProject "BlindColorGame" */;
			compatibilityVersion = "Xcode 3.2";
			developmentRegion = English;
			hasScannedForEncodings = 0;
			knownRegions = (
				en,
				Base,
			);
			mainGroup = 3A7E75111B38680C00B1AAC6;
			productRefGroup = 3A7E751B1B38680C00B1AAC6 /* Products */;
			projectDirPath = "";
			projectRoot = "";
			targets = (
				3A7E75191B38680C00B1AAC6 /* BlindColorGame */,
				3A7E752E1B38680C00B1AAC6 /* BlindColorGameTests */,
			);
		};
/* End PBXProject section */

/* Begin PBXResourcesBuildPhase section */
		3A7E75181B38680C00B1AAC6 /* Resources */ = {
			isa = PBXResourcesBuildPhase;
			buildActionMask = 2147483647;
			files = (
				3A7E75251B38680C00B1AAC6 /* Main.storyboard in Resources */,
				3A7E752A1B38680C00B1AAC6 /* LaunchScreen.xib in Resources */,
				3A7E75271B38680C00B1AAC6 /* Images.xcassets in Resources */,
			);
			runOnlyForDeploymentPostprocessing = 0;
		};
		3A7E752D1B38680C00B1AAC6 /* Resources */ = {
			isa = PBXResourcesBuildPhase;
			buildActionMask = 2147483647;
			files = (
			);
			runOnlyForDeploymentPostprocessing = 0;
		};
/* End PBXResourcesBuildPhase section */

/* Begin PBXSourcesBuildPhase section */
		3A7E75161B38680C00B1AAC6 /* Sources */ = {
			isa = PBXSourcesBuildPhase;
			buildActionMask = 2147483647;
			files = (
				3A7E75221B38680C00B1AAC6 /* ViewController.swift in Sources */,
				3A7E75201B38680C00B1AAC6 /* AppDelegate.swift in Sources */,
			);
			runOnlyForDeploymentPostprocessing = 0;
		};
		3A7E752B1B38680C00B1AAC6 /* Sources */ = {
			isa = PBXSourcesBuildPhase;
			buildActionMask = 2147483647;
			files = (
				3A7E75361B38680C00B1AAC6 /* BlindColorGameTests.swift in Sources */,
			);
			runOnlyForDeploymentPostprocessing = 0;
		};
/* End PBXSourcesBuildPhase section */

/* Begin PBXTargetDependency section */
		3A7E75311B38680C00B1AAC6 /* PBXTargetDependency */ = {
			isa = PBXTargetDependency;
			target = 3A7E75191B38680C00B1AAC6 /* BlindColorGame */;
			targetProxy = 3A7E75301B38680C00B1AAC6 /* PBXContainerItemProxy */;
		};
/* End PBXTargetDependency section */

/* Begin PBXVariantGroup section */
		3A7E75231B38680C00B1AAC6 /* Main.storyboard */ = {
			isa = PBXVariantGroup;
			children = (
				3A7E75241B38680C00B1AAC6 /* Base */,
			);
			name = Main.storyboard;
			sourceTree = "<group>";
		};
		3A7E75281B38680C00B1AAC6 /* LaunchScreen.xib */ = {
			isa = PBXVariantGroup;
			children = (
				3A7E75291B38680C00B1AAC6 /* Base */,
			);
			name = LaunchScreen.xib;
			sourceTree = "<group>";
		};
/* End PBXVariantGroup section */

/* Begin XCBuildConfiguration section */
		3A7E75371B38680C00B1AAC6 /* Debug */ = {
			isa = XCBuildConfiguration;
			buildSettings = {
				ALWAYS_SEARCH_USER_PATHS = NO;
				CLANG_CXX_LANGUAGE_STANDARD = "gnu++0x";
				CLANG_CXX_LIBRARY = "libc++";
				CLANG_ENABLE_MODULES = YES;
				CLANG_ENABLE_OBJC_ARC = YES;
				CLANG_WARN_BOOL_CONVERSION = YES;
				CLANG_WARN_CONSTANT_CONVERSION = YES;
				CLANG_WARN_DIRECT_OBJC_ISA_USAGE = YES_ERROR;
				CLANG_WARN_EMPTY_BODY = YES;
				CLANG_WARN_ENUM_CONVERSION = YES;
				CLANG_WARN_INT_CONVERSION = YES;
				CLANG_WARN_OBJC_ROOT_CLASS = YES_ERROR;
				CLANG_WARN_UNREACHABLE_CODE = YES;
				CLANG_WARN__DUPLICATE_METHOD_MATCH = YES;
				"CODE_SIGN_IDENTITY[sdk=iphoneos*]" = "iPhone Developer";
				COPY_PHASE_STRIP = NO;
				DEBUG_INFORMATION_FORMAT = "dwarf-with-dsym";
				ENABLE_STRICT_OBJC_MSGSEND = YES;
				GCC_C_LANGUAGE_STANDARD = gnu99;
				GCC_DYNAMIC_NO_PIC = NO;
				GCC_NO_COMMON_BLOCKS = YES;
				GCC_OPTIMIZATION_LEVEL = 0;
				GCC_PREPROCESSOR_DEFINITIONS = (
					"DEBUG=1",
					"$(inherited)",
				);
				GCC_SYMBOLS_PRIVATE_EXTERN = NO;
				GCC_WARN_64_TO_32_BIT_CONVERSION = YES;
				GCC_WARN_ABOUT_RETURN_TYPE = YES_ERROR;
				GCC_WARN_UNDECLARED_SELECTOR = YES;
				GCC_WARN_UNINITIALIZED_AUTOS = YES_AGGRESSIVE;
				GCC_WARN_UNUSED_FUNCTION = YES;
				GCC_WARN_UNUSED_VARIABLE = YES;
				IPHONEOS_DEPLOYMENT_TARGET = 8.3;
				MTL_ENABLE_DEBUG_INFO = YES;
				ONLY_ACTIVE_ARCH = YES;
				SDKROOT = iphoneos;
				SWIFT_OPTIMIZATION_LEVEL = "-Onone";
				TARGETED_DEVICE_FAMILY = "1,2";
			};
			name = Debug;
		};
		3A7E75381B38680C00B1AAC6 /* Release */ = {
			isa = XCBuildConfiguration;
			buildSettings = {
				ALWAYS_SEARCH_USER_PATHS = NO;
				CLANG_CXX_LANGUAGE_STANDARD = "gnu++0x";
				CLANG_CXX_LIBRARY = "libc++";
				CLANG_ENABLE_MODULES = YES;
				CLANG_ENABLE_OBJC_ARC = YES;
				CLANG_WARN_BOOL_CONVERSION = YES;
				CLANG_WARN_CONSTANT_CONVERSION = YES;
				CLANG_WARN_DIRECT_OBJC_ISA_USAGE = YES_ERROR;
				CLANG_WARN_EMPTY_BODY = YES;
				CLANG_WARN_ENUM_CONVERSION = YES;
				CLANG_WARN_INT_CONVERSION = YES;
				CLANG_WARN_OBJC_ROOT_CLASS = YES_ERROR;
				CLANG_WARN_UNREACHABLE_CODE = YES;
				CLANG_WARN__DUPLICATE_METHOD_MATCH = YES;
				"CODE_SIGN_IDENTITY[sdk=iphoneos*]" = "iPhone Developer";
				COPY_PHASE_STRIP = NO;
				DEBUG_INFORMATION_FORMAT = "dwarf-with-dsym";
				ENABLE_NS_ASSERTIONS = NO;
				ENABLE_STRICT_OBJC_MSGSEND = YES;
				GCC_C_LANGUAGE_STANDARD = gnu99;
				GCC_NO_COMMON_BLOCKS = YES;
				GCC_WARN_64_TO_32_BIT_CONVERSION = YES;
				GCC_WARN_ABOUT_RETURN_TYPE = YES_ERROR;
				GCC_WARN_UNDECLARED_SELECTOR = YES;
				GCC_WARN_UNINITIALIZED_AUTOS = YES_AGGRESSIVE;
				GCC_WARN_UNUSED_FUNCTION = YES;
				GCC_WARN_UNUSED_VARIABLE = YES;
				IPHONEOS_DEPLOYMENT_TARGET = 8.3;
				MTL_ENABLE_DEBUG_INFO = NO;
				SDKROOT = iphoneos;
				TARGETED_DEVICE_FAMILY = "1,2";
				VALIDATE_PRODUCT = YES;
			};
			name = Release;
		};
		3A7E753A1B38680C00B1AAC6 /* Debug */ = {
			isa = XCBuildConfiguration;
			buildSettings = {
				ASSETCATALOG_COMPILER_APPICON_NAME = AppIcon;
				INFOPLIST_FILE = BlindColorGame/Info.plist;
				LD_RUNPATH_SEARCH_PATHS = "$(inherited) @executable_path/Frameworks";
				PRODUCT_NAME = "$(TARGET_NAME)";
			};
			name = Debug;
		};
		3A7E753B1B38680C00B1AAC6 /* Release */ = {
			isa = XCBuildConfiguration;
			buildSettings = {
				ASSETCATALOG_COMPILER_APPICON_NAME = AppIcon;
				INFOPLIST_FILE = BlindColorGame/Info.plist;
				LD_RUNPATH_SEARCH_PATHS = "$(inherited) @executable_path/Frameworks";
				PRODUCT_NAME = "$(TARGET_NAME)";
			};
			name = Release;
		};
		3A7E753D1B38680C00B1AAC6 /* Debug */ = {
			isa = XCBuildConfiguration;
			buildSettings = {
				BUNDLE_LOADER = "$(TEST_HOST)";
				FRAMEWORK_SEARCH_PATHS = (
					"$(SDKROOT)/Developer/Library/Frameworks",
					"$(inherited)",
				);
				GCC_PREPROCESSOR_DEFINITIONS = (
					"DEBUG=1",
					"$(inherited)",
				);
				INFOPLIST_FILE = BlindColorGameTests/Info.plist;
				LD_RUNPATH_SEARCH_PATHS = "$(inherited) @executable_path/Frameworks @loader_path/Frameworks";
				PRODUCT_NAME = "$(TARGET_NAME)";
				TEST_HOST = "$(BUILT_PRODUCTS_DIR)/BlindColorGame.app/BlindColorGame";
			};
			name = Debug;
		};
		3A7E753E1B38680C00B1AAC6 /* Release */ = {
			isa = XCBuildConfiguration;
			buildSettings = {
				BUNDLE_LOADER = "$(TEST_HOST)";
				FRAMEWORK_SEARCH_PATHS = (
					"$(SDKROOT)/Developer/Library/Frameworks",
					"$(inherited)",
				);
				INFOPLIST_FILE = BlindColorGameTests/Info.plist;
				LD_RUNPATH_SEARCH_PATHS = "$(inherited) @executable_path/Frameworks @loader_path/Frameworks";
				PRODUCT_NAME = "$(TARGET_NAME)";
				TEST_HOST = "$(BUILT_PRODUCTS_DIR)/BlindColorGame.app/BlindColorGame";
			};
			name = Release;
		};
/* End XCBuildConfiguration section */

/* Begin XCConfigurationList section */
		3A7E75151B38680C00B1AAC6 /* Build configuration list for PBXProject "BlindColorGame" */ = {
			isa = XCConfigurationList;
			buildConfigurations = (
				3A7E75371B38680C00B1AAC6 /* Debug */,
				3A7E75381B38680C00B1AAC6 /* Release */,
			);
			defaultConfigurationIsVisible = 0;
			defaultConfigurationName = Release;
		};
		3A7E75391B38680C00B1AAC6 /* Build configuration list for PBXNativeTarget "BlindColorGame" */ = {
			isa = XCConfigurationList;
			buildConfigurations = (
				3A7E753A1B38680C00B1AAC6 /* Debug */,
				3A7E753B1B38680C00B1AAC6 /* Release */,
			);
			defaultConfigurationIsVisible = 0;
		};
		3A7E753C1B38680C00B1AAC6 /* Build configuration list for PBXNativeTarget "BlindColorGameTests" */ = {
			isa = XCConfigurationList;
			buildConfigurations = (
				3A7E753D1B38680C00B1AAC6 /* Debug */,
				3A7E753E1B38680C00B1AAC6 /* Release */,
			);
			defaultConfigurationIsVisible = 0;
		};
/* End XCConfigurationList section */
	};
	rootObject = 3A7E75121B38680C00B1AAC6 /* Project object */;
}
